
Microsoft Visual Studio Solution File, Format Version 12.00
# Visual Studio Version 16
VisualStudioVersion = 16.0.29709.97
MinimumVisualStudioVersion = 10.0.40219.1
Project("{FAE04EC0-301F-11D3-BF4B-00C04F79EFBC}") = "Siteeva-Praktika-8", "Siteeva-Praktika-8.csproj", "{FC667595-BBA7-4E48-A799-24A2634331B0}"
EndProject
Global
	GlobalSection(SolutionConfigurationPlatforms) = preSolution
		Debug|Any CPU = Debug|Any CPU
		Release|Any CPU = Release|Any CPU
	EndGlobalSection
	GlobalSection(ProjectConfigurationPlatforms) = postSolution
		{FC667595-BBA7-4E48-A799-24A2634331B0}.Debug|Any CPU.ActiveCfg = Debug|Any CPU
		{FC667595-BBA7-4E48-A799-24A2634331B0}.Debug|Any CPU.Build.0 = Debug|Any CPU
		{FC667595-BBA7-4E48-A799-24A2634331B0}.Release|Any CPU.ActiveCfg = Release|Any CPU
		{FC667595-BBA7-4E48-A799-24A2634331B0}.Release|Any CPU.Build.0 = Release|Any CPU
	EndGlobalSection
	GlobalSection(SolutionProperties) = preSolution
		HideSolutionNode = FALSE
	EndGlobalSection
	GlobalSection(ExtensibilityGlobals) = postSolution
		SolutionGuid = {EE1E8659-07F2-4BCD-A37F-593EEE3BEDDC}
	EndGlobalSection
EndGlobal
